// !$*UTF8*$!
{
	archiveVersion = 1;
	classes = {
	};
	objectVersion = 50;
	objects = {

/* Begin PBXBuildFile section */
		369E1F8D238C2C460088D10F /* AppDelegate.swift in Sources */ = {isa = PBXBuildFile; fileRef = 369E1F8C238C2C460088D10F /* AppDelegate.swift */; };
		369E1F8F238C2C460088D10F /* SceneDelegate.swift in Sources */ = {isa = PBXBuildFile; fileRef = 369E1F8E238C2C460088D10F /* SceneDelegate.swift */; };
		369E1F91238C2C460088D10F /* ViewController.swift in Sources */ = {isa = PBXBuildFile; fileRef = 369E1F90238C2C460088D10F /* ViewController.swift */; };
		369E1F94238C2C460088D10F /* Main.storyboard in Resources */ = {isa = PBXBuildFile; fileRef = 369E1F92238C2C460088D10F /* Main.storyboard */; };
		369E1F96238C2C460088D10F /* Assets.xcassets in Resources */ = {isa = PBXBuildFile; fileRef = 369E1F95238C2C460088D10F /* Assets.xcassets */; };
		369E1F99238C2C460088D10F /* LaunchScreen.storyboard in Resources */ = {isa = PBXBuildFile; fileRef = 369E1F97238C2C460088D10F /* LaunchScreen.storyboard */; };
		369E1FA1238C3B730088D10F /* TwoPlayerViewController.swift in Sources */ = {isa = PBXBuildFile; fileRef = 369E1FA0238C3B730088D10F /* TwoPlayerViewController.swift */; };
		36D6476C238D791D00CEE368 /* StatisticsViewController.swift in Sources */ = {isa = PBXBuildFile; fileRef = 36D6476B238D791D00CEE368 /* StatisticsViewController.swift */; };
		36D6476E238D79F700CEE368 /* Statistics.swift in Sources */ = {isa = PBXBuildFile; fileRef = 36D6476D238D79F700CEE368 /* Statistics.swift */; };
		36D64770238EC23500CEE368 /* TwoPlayerStatistics.swift in Sources */ = {isa = PBXBuildFile; fileRef = 36D6476F238EC23500CEE368 /* TwoPlayerStatistics.swift */; };
		36D64772238EC76800CEE368 /* TwoStatisticViewController.swift in Sources */ = {isa = PBXBuildFile; fileRef = 36D64771238EC76800CEE368 /* TwoStatisticViewController.swift */; };
/* End PBXBuildFile section */

/* Begin PBXFileReference section */
		369E1F89238C2C460088D10F /* diceGameCN.app */ = {isa = PBXFileReference; explicitFileType = wrapper.application; includeInIndex = 0; path = diceGameCN.app; sourceTree = BUILT_PRODUCTS_DIR; };
		369E1F8C238C2C460088D10F /* AppDelegate.swift */ = {isa = PBXFileReference; lastKnownFileType = sourcecode.swift; path = AppDelegate.swift; sourceTree = "<group>"; };
		369E1F8E238C2C460088D10F /* SceneDelegate.swift */ = {isa = PBXFileReference; lastKnownFileType = sourcecode.swift; path = SceneDelegate.swift; sourceTree = "<group>"; };
		369E1F90238C2C460088D10F /* ViewController.swift */ = {isa = PBXFileReference; lastKnownFileType = sourcecode.swift; path = ViewController.swift; sourceTree = "<group>"; };
		369E1F93238C2C460088D10F /* Base */ = {isa = PBXFileReference; lastKnownFileType = file.storyboard; name = Base; path = Base.lproj/Main.storyboard; sourceTree = "<group>"; };
		369E1F95238C2C460088D10F /* Assets.xcassets */ = {isa = PBXFileReference; lastKnownFileType = folder.assetcatalog; path = Assets.xcassets; sourceTree = "<group>"; };
		369E1F98238C2C460088D10F /* Base */ = {isa = PBXFileReference; lastKnownFileType = file.storyboard; name = Base; path = Base.lproj/LaunchScreen.storyboard; sourceTree = "<group>"; };
		369E1F9A238C2C460088D10F /* Info.plist */ = {isa = PBXFileReference; lastKnownFileType = text.plist.xml; path = Info.plist; sourceTree = "<group>"; };
		369E1FA0238C3B730088D10F /* TwoPlayerViewController.swift */ = {isa = PBXFileReference; lastKnownFileType = sourcecode.swift; path = TwoPlayerViewController.swift; sourceTree = "<group>"; };
		36D6476B238D791D00CEE368 /* StatisticsViewController.swift */ = {isa = PBXFileReference; lastKnownFileType = sourcecode.swift; path = StatisticsViewController.swift; sourceTree = "<group>"; };
		36D6476D238D79F700CEE368 /* Statistics.swift */ = {isa = PBXFileReference; lastKnownFileType = sourcecode.swift; path = Statistics.swift; sourceTree = "<group>"; };
		36D6476F238EC23500CEE368 /* TwoPlayerStatistics.swift */ = {isa = PBXFileReference; lastKnownFileType = sourcecode.swift; path = TwoPlayerStatistics.swift; sourceTree = "<group>"; };
		36D64771238EC76800CEE368 /* TwoStatisticViewController.swift */ = {isa = PBXFileReference; lastKnownFileType = sourcecode.swift; path = TwoStatisticViewController.swift; sourceTree = "<group>"; };
/* End PBXFileReference section */

/* Begin PBXFrameworksBuildPhase section */
		369E1F86238C2C460088D10F /* Frameworks */ = {
			isa = PBXFrameworksBuildPhase;
			buildActionMask = 2147483647;
			files = (
			);
			runOnlyForDeploymentPostprocessing = 0;
		};
/* End PBXFrameworksBuildPhase section */

/* Begin PBXGroup section */
		369E1F80238C2C460088D10F = {
			isa = PBXGroup;
			children = (
				369E1F8B238C2C460088D10F /* diceGameCN */,
				369E1F8A238C2C460088D10F /* Products */,
			);
			sourceTree = "<group>";
		};
		369E1F8A238C2C460088D10F /* Products */ = {
			isa = PBXGroup;
			children = (
				369E1F89238C2C460088D10F /* diceGameCN.app */,
			);
			name = Products;
			sourceTree = "<group>";
		};
		369E1F8B238C2C460088D10F /* diceGameCN */ = {
			isa = PBXGroup;
			children = (
				369E1F8C238C2C460088D10F /* AppDelegate.swift */,
				369E1F8E238C2C460088D10F /* SceneDelegate.swift */,
				369E1F90238C2C460088D10F /* ViewController.swift */,
				36D6476B238D791D00CEE368 /* StatisticsViewController.swift */,
				36D6476D238D79F700CEE368 /* Statistics.swift */,
				36D6476F238EC23500CEE368 /* TwoPlayerStatistics.swift */,
				369E1FA0238C3B730088D10F /* TwoPlayerViewController.swift */,
				369E1F92238C2C460088D10F /* Main.storyboard */,
				36D64771238EC76800CEE368 /* TwoStatisticViewController.swift */,
				369E1F95238C2C460088D10F /* Assets.xcassets */,
				369E1F97238C2C460088D10F /* LaunchScreen.storyboard */,
				369E1F9A238C2C460088D10F /* Info.plist */,
			);
			path = diceGameCN;
			sourceTree = "<group>";
		};
/* End PBXGroup section */

/* Begin PBXNativeTarget section */
		369E1F88238C2C460088D10F /* diceGameCN */ = {
			isa = PBXNativeTarget;
			buildConfigurationList = 369E1F9D238C2C460088D10F /* Build configuration list for PBXNativeTarget "diceGameCN" */;
			buildPhases = (
				369E1F85238C2C460088D10F /* Sources */,
				369E1F86238C2C460088D10F /* Frameworks */,
				369E1F87238C2C460088D10F /* Resources */,
			);
			buildRules = (
			);
			dependencies = (
			);
			name = diceGameCN;
			productName = diceGameCN;
			productReference = 369E1F89238C2C460088D10F /* diceGameCN.app */;
			productType = "com.apple.product-type.application";
		};
/* End PBXNativeTarget section */

/* Begin PBXProject section */
		369E1F81238C2C460088D10F /* Project object */ = {
			isa = PBXProject;
			attributes = {
				LastSwiftUpdateCheck = 1110;
				LastUpgradeCheck = 1110;
				ORGANIZATIONNAME = "Code Nation";
				TargetAttributes = {
					369E1F88238C2C460088D10F = {
						CreatedOnToolsVersion = 11.1;
					};
				};
			};
			buildConfigurationList = 369E1F84238C2C460088D10F /* Build configuration list for PBXProject "diceGameCN" */;
			compatibilityVersion = "Xcode 9.3";
			developmentRegion = en;
			hasScannedForEncodings = 0;
			knownRegions = (
				en,
				Base,
			);
			mainGroup = 369E1F80238C2C460088D10F;
			productRefGroup = 369E1F8A238C2C460088D10F /* Products */;
			projectDirPath = "";
			projectRoot = "";
			targets = (
				369E1F88238C2C460088D10F /* diceGameCN */,
			);
		};
/* End PBXProject section */

/* Begin PBXResourcesBuildPhase section */
		369E1F87238C2C460088D10F /* Resources */ = {
			isa = PBXResourcesBuildPhase;
			buildActionMask = 2147483647;
			files = (
				369E1F99238C2C460088D10F /* LaunchScreen.storyboard in Resources */,
				369E1F96238C2C460088D10F /* Assets.xcassets in Resources */,
				369E1F94238C2C460088D10F /* Main.storyboard in Resources */,
			);
			runOnlyForDeploymentPostprocessing = 0;
		};
/* End PBXResourcesBuildPhase section */

/* Begin PBXSourcesBuildPhase section */
		369E1F85238C2C460088D10F /* Sources */ = {
			isa = PBXSourcesBuildPhase;
			buildActionMask = 2147483647;
			files = (
				36D64772238EC76800CEE368 /* TwoStatisticViewController.swift in Sources */,
				369E1F91238C2C460088D10F /* ViewController.swift in Sources */,
				369E1F8D238C2C460088D10F /* AppDelegate.swift in Sources */,
				369E1FA1238C3B730088D10F /* TwoPlayerViewController.swift in Sources */,
				36D6476C238D791D00CEE368 /* StatisticsViewController.swift in Sources */,
				36D64770238EC23500CEE368 /* TwoPlayerStatistics.swift in Sources */,
				36D6476E238D79F700CEE368 /* Statistics.swift in Sources */,
				369E1F8F238C2C460088D10F /* SceneDelegate.swift in Sources */,
			);
			runOnlyForDeploymentPostprocessing = 0;
		};
/* End PBXSourcesBuildPhase section */

/* Begin PBXVariantGroup section */
		369E1F92238C2C460088D10F /* Main.storyboard */ = {
			isa = PBXVariantGroup;
			children = (
				369E1F93238C2C460088D10F /* Base */,
			);
			name = Main.storyboard;
			sourceTree = "<group>";
		};
		369E1F97238C2C460088D10F /* LaunchScreen.storyboard */ = {
			isa = PBXVariantGroup;
			children = (
				369E1F98238C2C460088D10F /* Base */,
			);
			name = LaunchScreen.storyboard;
			sourceTree = "<group>";
		};
/* End PBXVariantGroup section */

/* Begin XCBuildConfiguration section */
		369E1F9B238C2C460088D10F /* Debug */ = {
			isa = XCBuildConfiguration;
			buildSettings = {
				ALWAYS_SEARCH_USER_PATHS = NO;
				CLANG_ANALYZER_NONNULL = YES;
				CLANG_ANALYZER_NUMBER_OBJECT_CONVERSION = YES_AGGRESSIVE;
				CLANG_CXX_LANGUAGE_STANDARD = "gnu++14";
				CLANG_CXX_LIBRARY = "libc++";
				CLANG_ENABLE_MODULES = YES;
				CLANG_ENABLE_OBJC_ARC = YES;
				CLANG_ENABLE_OBJC_WEAK = YES;
				CLANG_WARN_BLOCK_CAPTURE_AUTORELEASING = YES;
				CLANG_WARN_BOOL_CONVERSION = YES;
				CLANG_WARN_COMMA = YES;
				CLANG_WARN_CONSTANT_CONVERSION = YES;
				CLANG_WARN_DEPRECATED_OBJC_IMPLEMENTATIONS = YES;
				CLANG_WARN_DIRECT_OBJC_ISA_USAGE = YES_ERROR;
				CLANG_WARN_DOCUMENTATION_COMMENTS = YES;
				CLANG_WARN_EMPTY_BODY = YES;
				CLANG_WARN_ENUM_CONVERSION = YES;
				CLANG_WARN_INFINITE_RECURSION = YES;
				CLANG_WARN_INT_CONVERSION = YES;
				CLANG_WARN_NON_LITERAL_NULL_CONVERSION = YES;
				CLANG_WARN_OBJC_IMPLICIT_RETAIN_SELF = YES;
				CLANG_WARN_OBJC_LITERAL_CONVERSION = YES;
				CLANG_WARN_OBJC_ROOT_CLASS = YES_ERROR;
				CLANG_WARN_RANGE_LOOP_ANALYSIS = YES;
				CLANG_WARN_STRICT_PROTOTYPES = YES;
				CLANG_WARN_SUSPICIOUS_MOVE = YES;
				CLANG_WARN_UNGUARDED_AVAILABILITY = YES_AGGRESSIVE;
				CLANG_WARN_UNREACHABLE_CODE = YES;
				CLANG_WARN__DUPLICATE_METHOD_MATCH = YES;
				COPY_PHASE_STRIP = NO;
				DEBUG_INFORMATION_FORMAT = dwarf;
				ENABLE_STRICT_OBJC_MSGSEND = YES;
				ENABLE_TESTABILITY = YES;
				GCC_C_LANGUAGE_STANDARD = gnu11;
				GCC_DYNAMIC_NO_PIC = NO;
				GCC_NO_COMMON_BLOCKS = YES;
				GCC_OPTIMIZATION_LEVEL = 0;
				GCC_PREPROCESSOR_DEFINITIONS = (
					"DEBUG=1",
					"$(inherited)",
				);
				GCC_WARN_64_TO_32_BIT_CONVERSION = YES;
				GCC_WARN_ABOUT_RETURN_TYPE = YES_ERROR;
				GCC_WARN_UNDECLARED_SELECTOR = YES;
				GCC_WARN_UNINITIALIZED_AUTOS = YES_AGGRESSIVE;
				GCC_WARN_UNUSED_FUNCTION = YES;
				GCC_WARN_UNUSED_VARIABLE = YES;
				IPHONEOS_DEPLOYMENT_TARGET = 13.1;
				MTL_ENABLE_DEBUG_INFO = INCLUDE_SOURCE;
				MTL_FAST_MATH = YES;
				ONLY_ACTIVE_ARCH = YES;
				SDKROOT = iphoneos;
				SWIFT_ACTIVE_COMPILATION_CONDITIONS = DEBUG;
				SWIFT_OPTIMIZATION_LEVEL = "-Onone";
			};
			name = Debug;
		};
		369E1F9C238C2C460088D10F /* Release */ = {
			isa = XCBuildConfiguration;
			buildSettings = {
				ALWAYS_SEARCH_USER_PATHS = NO;
				CLANG_ANALYZER_NONNULL = YES;
				CLANG_ANALYZER_NUMBER_OBJECT_CONVERSION = YES_AGGRESSIVE;
				CLANG_CXX_LANGUAGE_STANDARD = "gnu++14";
				CLANG_CXX_LIBRARY = "libc++";
				CLANG_ENABLE_MODULES = YES;
				CLANG_ENABLE_OBJC_ARC = YES;
				CLANG_ENABLE_OBJC_WEAK = YES;
				CLANG_WARN_BLOCK_CAPTURE_AUTORELEASING = YES;
				CLANG_WARN_BOOL_CONVERSION = YES;
				CLANG_WARN_COMMA = YES;
				CLANG_WARN_CONSTANT_CONVERSION = YES;
				CLANG_WARN_DEPRECATED_OBJC_IMPLEMENTATIONS = YES;
				CLANG_WARN_DIRECT_OBJC_ISA_USAGE = YES_ERROR;
				CLANG_WARN_DOCUMENTATION_COMMENTS = YES;
				CLANG_WARN_EMPTY_BODY = YES;
				CLANG_WARN_ENUM_CONVERSION = YES;
				CLANG_WARN_INFINITE_RECURSION = YES;
				CLANG_WARN_INT_CONVERSION = YES;
				CLANG_WARN_NON_LITERAL_NULL_CONVERSION = YES;
				CLANG_WARN_OBJC_IMPLICIT_RETAIN_SELF = YES;
				CLANG_WARN_OBJC_LITERAL_CONVERSION = YES;
				CLANG_WARN_OBJC_ROOT_CLASS = YES_ERROR;
				CLANG_WARN_RANGE_LOOP_ANALYSIS = YES;
				CLANG_WARN_STRICT_PROTOTYPES = YES;
				CLANG_WARN_SUSPICIOUS_MOVE = YES;
				CLANG_WARN_UNGUARDED_AVAILABILITY = YES_AGGRESSIVE;
				CLANG_WARN_UNREACHABLE_CODE = YES;
				CLANG_WARN__DUPLICATE_METHOD_MATCH = YES;
				COPY_PHASE_STRIP = NO;
				DEBUG_INFORMATION_FORMAT = "dwarf-with-dsym";
				ENABLE_NS_ASSERTIONS = NO;
				ENABLE_STRICT_OBJC_MSGSEND = YES;
				GCC_C_LANGUAGE_STANDARD = gnu11;
				GCC_NO_COMMON_BLOCKS = YES;
				GCC_WARN_64_TO_32_BIT_CONVERSION = YES;
				GCC_WARN_ABOUT_RETURN_TYPE = YES_ERROR;
				GCC_WARN_UNDECLARED_SELECTOR = YES;
				GCC_WARN_UNINITIALIZED_AUTOS = YES_AGGRESSIVE;
				GCC_WARN_UNUSED_FUNCTION = YES;
				GCC_WARN_UNUSED_VARIABLE = YES;
				IPHONEOS_DEPLOYMENT_TARGET = 13.1;
				MTL_ENABLE_DEBUG_INFO = NO;
				MTL_FAST_MATH = YES;
				SDKROOT = iphoneos;
				SWIFT_COMPILATION_MODE = wholemodule;
				SWIFT_OPTIMIZATION_LEVEL = "-O";
				VALIDATE_PRODUCT = YES;
			};
			name = Release;
		};
		369E1F9E238C2C460088D10F /* Debug */ = {
			isa = XCBuildConfiguration;
			buildSettings = {
				ASSETCATALOG_COMPILER_APPICON_NAME = AppIcon;
				CODE_SIGN_STYLE = Automatic;
				INFOPLIST_FILE = diceGameCN/Info.plist;
				LD_RUNPATH_SEARCH_PATHS = (
					"$(inherited)",
					"@executable_path/Frameworks",
				);
				PRODUCT_BUNDLE_IDENTIFIER = CN.diceGameCN;
				PRODUCT_NAME = "$(TARGET_NAME)";
				SWIFT_VERSION = 5.0;
				TARGETED_DEVICE_FAMILY = "1,2";
			};
			name = Debug;
		};
		369E1F9F238C2C460088D10F /* Release */ = {
			isa = XCBuildConfiguration;
			buildSettings = {
				ASSETCATALOG_COMPILER_APPICON_NAME = AppIcon;
				CODE_SIGN_STYLE = Automatic;
				INFOPLIST_FILE = diceGameCN/Info.plist;
				LD_RUNPATH_SEARCH_PATHS = (
					"$(inherited)",
					"@executable_path/Frameworks",
				);
				PRODUCT_BUNDLE_IDENTIFIER = CN.diceGameCN;
				PRODUCT_NAME = "$(TARGET_NAME)";
				SWIFT_VERSION = 5.0;
				TARGETED_DEVICE_FAMILY = "1,2";
			};
			name = Release;
		};
/* End XCBuildConfiguration section */

/* Begin XCConfigurationList section */
		369E1F84238C2C460088D10F /* Build configuration list for PBXProject "diceGameCN" */ = {
			isa = XCConfigurationList;
			buildConfigurations = (
				369E1F9B238C2C460088D10F /* Debug */,
				369E1F9C238C2C460088D10F /* Release */,
			);
			defaultConfigurationIsVisible = 0;
			defaultConfigurationName = Release;
		};
		369E1F9D238C2C460088D10F /* Build configuration list for PBXNativeTarget "diceGameCN" */ = {
			isa = XCConfigurationList;
			buildConfigurations = (
				369E1F9E238C2C460088D10F /* Debug */,
				369E1F9F238C2C460088D10F /* Release */,
			);
			defaultConfigurationIsVisible = 0;
			defaultConfigurationName = Release;
		};
/* End XCConfigurationList section */
	};
	rootObject = 369E1F81238C2C460088D10F /* Project object */;
}
